<?xml version="1.0" encoding="utf-8"?>
<Project ToolsVersion="4.0" xmlns="http://schemas.microsoft.com/developer/msbuild/2003">
  <ItemGroup>
    <Filter Include="Source Files">
      <UniqueIdentifier>{4FC737F1-C7A5-4376-A066-2A32D752A2FF}</UniqueIdentifier>
      <Extensions>cpp;c;cc;cxx;c++;cppm;ixx;def;odl;idl;hpj;bat;asm;asmx</Extensions>
    </Filter>
    <Filter Include="Header Files">
      <UniqueIdentifier>{93995380-89BD-4b04-88EB-625FBE52EBFB}</UniqueIdentifier>
      <Extensions>h;hh;hpp;hxx;h++;hm;inl;inc;ipp;xsd</Extensions>
    </Filter>
    <Filter Include="Resource Files">
      <UniqueIdentifier>{67DA6AB6-F800-4c08-8B7A-83BB121AAD01}</UniqueIdentifier>
      <Extensions>rc;ico;cur;bmp;dlg;rc2;rct;bin;rgs;gif;jpg;jpeg;jpe;resx;tiff;tif;png;wav;mfcribbon-ms</Extensions>
    </Filter>
  </ItemGroup>
  <ItemGroup>
    <ClInclude Include="framework.h">
      <Filter>Header Files</Filter>
    </ClInclude>
    <ClInclude Include="pch.h">
      <Filter>Header Files</Filter>
    </ClInclude>
    <ClInclude Include="Axis.hxx">
      <Filter>Header Files</Filter>
    </ClInclude>
    <ClInclude Include="Circle.hxx">
      <Filter>Header Files</Filter>
    </ClInclude>
    <ClInclude Include="CoordSystem.hxx">
      <Filter>Header Files</Filter>
    </ClInclude>
    <ClInclude Include="GeometryAbstractObject.hxx">
      <Filter>Header Files</Filter>
    </ClInclude>
    <ClInclude Include="GeometryParameters.hxx">
      <Filter>Header Files</Filter>
    </ClInclude>
    <ClInclude Include="GeometryException.hxx">
      <Filter>Header Files</Filter>
    </ClInclude>
    <ClInclude Include="GeometryMath.hxx">
      <Filter>Header Files</Filter>
    </ClInclude>
    <ClInclude Include="GeometryObject.hxx">
      <Filter>Header Files</Filter>
    </ClInclude>
    <ClInclude Include="GlobalCoordSystem.hxx">
      <Filter>Header Files</Filter>
    </ClInclude>
    <ClInclude Include="Line.hxx">
      <Filter>Header Files</Filter>
    </ClInclude>
    <ClInclude Include="Macros.h">
      <Filter>Header Files</Filter>
    </ClInclude>
    <ClInclude Include="Plane.hxx">
      <Filter>Header Files</Filter>
    </ClInclude>
    <ClInclude Include="Point2D.hxx">
      <Filter>Header Files</Filter>
    </ClInclude>
    <ClInclude Include="Point3D.hxx">
      <Filter>Header Files</Filter>
    </ClInclude>
    <ClInclude Include="PointBase.hxx">
      <Filter>Header Files</Filter>
    </ClInclude>
    <ClInclude Include="ReferenceObject.hxx">
      <Filter>Header Files</Filter>
    </ClInclude>
    <ClInclude Include="Vector2D.hxx">
      <Filter>Header Files</Filter>
    </ClInclude>
    <ClInclude Include="Vector3D.hxx">
      <Filter>Header Files</Filter>
    </ClInclude>
    <ClInclude Include="VectorBase.hxx">
      <Filter>Header Files</Filter>
    </ClInclude>
    <ClInclude Include="ReferenceAbstractObject.hxx">
      <Filter>Header Files</Filter>
    </ClInclude>
  </ItemGroup>
  <ItemGroup>
    <ClCompile Include="pch.cpp">
      <Filter>Source Files</Filter>
    </ClCompile>
    <ClCompile Include="GeometryMath.cxx">
      <Filter>Source Files</Filter>
    </ClCompile>
    <ClCompile Include="GeometryObject.cxx">
      <Filter>Source Files</Filter>
    </ClCompile>
    <ClCompile Include="GlobalCoordSystem.cxx">
      <Filter>Source Files</Filter>
    </ClCompile>
    <ClCompile Include="Line.cxx">
      <Filter>Source Files</Filter>
    </ClCompile>
    <ClCompile Include="Plane.cxx">
      <Filter>Source Files</Filter>
    </ClCompile>
    <ClCompile Include="Point2D.cxx">
      <Filter>Source Files</Filter>
    </ClCompile>
    <ClCompile Include="Point3D.cxx">
      <Filter>Source Files</Filter>
    </ClCompile>
    <ClCompile Include="PointBase.cxx">
      <Filter>Source Files</Filter>
    </ClCompile>
    <ClCompile Include="ReferenceObject.cxx">
      <Filter>Source Files</Filter>
    </ClCompile>
    <ClCompile Include="Vector2D.cxx">
      <Filter>Source Files</Filter>
    </ClCompile>
    <ClCompile Include="Vector3D.cxx">
      <Filter>Source Files</Filter>
    </ClCompile>
    <ClCompile Include="VectorBase.cxx">
      <Filter>Source Files</Filter>
    </ClCompile>
    <ClCompile Include="Axis.cxx">
      <Filter>Source Files</Filter>
    </ClCompile>
    <ClCompile Include="Circle.cxx">
      <Filter>Source Files</Filter>
    </ClCompile>
    <ClCompile Include="CoordSystem.cxx">
      <Filter>Source Files</Filter>
    </ClCompile>
  </ItemGroup>
</Project>